
Microsoft Visual Studio Solution File, Format Version 12.00
# Visual Studio 15
VisualStudioVersion = 15.0.26403.7
MinimumVisualStudioVersion = 10.0.40219.1
Project("{FAE04EC0-301F-11D3-BF4B-00C04F79EFBC}") = "BLogger", "BLogger\BLogger.csproj", "{3E96B70E-0FE8-4AA9-89B5-44A425F7822C}"
EndProject
Project("{FAE04EC0-301F-11D3-BF4B-00C04F79EFBC}") = "BLogger.Console", "BLogger.Console\BLogger.Console.csproj", "{D179ADA7-27A1-4F97-B6FF-969A69B020B6}"
EndProject
Project("{FAE04EC0-301F-11D3-BF4B-00C04F79EFBC}") = "BLogger.Tests", "BLogger.Tests\BLogger.Tests.csproj", "{60B4A2CC-3476-4CA2-9F4E-9798FEE37060}"
EndProject
Global
	GlobalSection(SolutionConfigurationPlatforms) = preSolution
		Debug|Any CPU = Debug|Any CPU
		Release|Any CPU = Release|Any CPU
	EndGlobalSection
	GlobalSection(ProjectConfigurationPlatforms) = postSolution
		{3E96B70E-0FE8-4AA9-89B5-44A425F7822C}.Debug|Any CPU.ActiveCfg = Debug|Any CPU
		{3E96B70E-0FE8-4AA9-89B5-44A425F7822C}.Debug|Any CPU.Build.0 = Debug|Any CPU
		{3E96B70E-0FE8-4AA9-89B5-44A425F7822C}.Release|Any CPU.ActiveCfg = Release|Any CPU
		{3E96B70E-0FE8-4AA9-89B5-44A425F7822C}.Release|Any CPU.Build.0 = Release|Any CPU
		{D179ADA7-27A1-4F97-B6FF-969A69B020B6}.Debug|Any CPU.ActiveCfg = Debug|Any CPU
		{D179ADA7-27A1-4F97-B6FF-969A69B020B6}.Debug|Any CPU.Build.0 = Debug|Any CPU
		{D179ADA7-27A1-4F97-B6FF-969A69B020B6}.Release|Any CPU.ActiveCfg = Release|Any CPU
		{D179ADA7-27A1-4F97-B6FF-969A69B020B6}.Release|Any CPU.Build.0 = Release|Any CPU
		{60B4A2CC-3476-4CA2-9F4E-9798FEE37060}.Debug|Any CPU.ActiveCfg = Debug|Any CPU
		{60B4A2CC-3476-4CA2-9F4E-9798FEE37060}.Debug|Any CPU.Build.0 = Debug|Any CPU
		{60B4A2CC-3476-4CA2-9F4E-9798FEE37060}.Release|Any CPU.ActiveCfg = Release|Any CPU
		{60B4A2CC-3476-4CA2-9F4E-9798FEE37060}.Release|Any CPU.Build.0 = Release|Any CPU
	EndGlobalSection
	GlobalSection(SolutionProperties) = preSolution
		HideSolutionNode = FALSE
	EndGlobalSection
EndGlobal
